
Microsoft Visual Studio Solution File, Format Version 12.00
# Visual Studio 15
VisualStudioVersion = 15.0.28010.2036
MinimumVisualStudioVersion = 10.0.40219.1
Project("{FAE04EC0-301F-11D3-BF4B-00C04F79EFBC}") = "Oldnew", "Oldnew\Oldnew.csproj", "{057F303E-EC2D-4257-861B-7F3FEE3C6298}"
EndProject
Global
	GlobalSection(SolutionConfigurationPlatforms) = preSolution
		Debug|Any CPU = Debug|Any CPU
		Release|Any CPU = Release|Any CPU
	EndGlobalSection
	GlobalSection(ProjectConfigurationPlatforms) = postSolution
		{057F303E-EC2D-4257-861B-7F3FEE3C6298}.Debug|Any CPU.ActiveCfg = Debug|Any CPU
		{057F303E-EC2D-4257-861B-7F3FEE3C6298}.Debug|Any CPU.Build.0 = Debug|Any CPU
		{057F303E-EC2D-4257-861B-7F3FEE3C6298}.Release|Any CPU.ActiveCfg = Release|Any CPU
		{057F303E-EC2D-4257-861B-7F3FEE3C6298}.Release|Any CPU.Build.0 = Release|Any CPU
	EndGlobalSection
	GlobalSection(SolutionProperties) = preSolution
		HideSolutionNode = FALSE
	EndGlobalSection
	GlobalSection(ExtensibilityGlobals) = postSolution
		SolutionGuid = {019534CB-D46D-4222-8331-5C13029C6354}
	EndGlobalSection
EndGlobal
